
Microsoft Visual Studio Solution File, Format Version 12.00
# Visual Studio 2013
VisualStudioVersion = 12.0.30501.0
MinimumVisualStudioVersion = 10.0.40219.1
Project("{FAE04EC0-301F-11D3-BF4B-00C04F79EFBC}") = "ClassLibrary", "ClassLibrary\ClassLibrary.csproj", "{F6FEA282-9AFB-4861-8035-4FE4A60C6860}"
EndProject
Project("{FAE04EC0-301F-11D3-BF4B-00C04F79EFBC}") = "ConsoleProgram", "ConsoleProgram\ConsoleProgram.csproj", "{5525C808-02A2-4C97-8475-6F4196656675}"
EndProject
Global
	GlobalSection(SolutionConfigurationPlatforms) = preSolution
		Debug|Any CPU = Debug|Any CPU
		Release|Any CPU = Release|Any CPU
	EndGlobalSection
	GlobalSection(ProjectConfigurationPlatforms) = postSolution
		{F6FEA282-9AFB-4861-8035-4FE4A60C6860}.Debug|Any CPU.ActiveCfg = Debug|Any CPU
		{F6FEA282-9AFB-4861-8035-4FE4A60C6860}.Debug|Any CPU.Build.0 = Debug|Any CPU
		{F6FEA282-9AFB-4861-8035-4FE4A60C6860}.Release|Any CPU.ActiveCfg = Release|Any CPU
		{F6FEA282-9AFB-4861-8035-4FE4A60C6860}.Release|Any CPU.Build.0 = Release|Any CPU
		{5525C808-02A2-4C97-8475-6F4196656675}.Debug|Any CPU.ActiveCfg = Debug|Any CPU
		{5525C808-02A2-4C97-8475-6F4196656675}.Debug|Any CPU.Build.0 = Debug|Any CPU
		{5525C808-02A2-4C97-8475-6F4196656675}.Release|Any CPU.ActiveCfg = Release|Any CPU
		{5525C808-02A2-4C97-8475-6F4196656675}.Release|Any CPU.Build.0 = Release|Any CPU
	EndGlobalSection
	GlobalSection(SolutionProperties) = preSolution
		HideSolutionNode = FALSE
	EndGlobalSection
EndGlobal
